
Microsoft Visual Studio Solution File, Format Version 12.00
# Visual Studio Version 17
VisualStudioVersion = 17.12.35527.113 d17.12
MinimumVisualStudioVersion = 10.0.40219.1
Project("{FAE04EC0-301F-11D3-BF4B-00C04F79EFBC}") = "Payment-API", "Payment-API\Payment-API.csproj", "{4E132ACB-31DD-4908-97DB-B0F9F4785617}"
EndProject
Project("{FAE04EC0-301F-11D3-BF4B-00C04F79EFBC}") = "Payment-DOMAIN", "Payment-DOMAIN\Payment-DOMAIN.csproj", "{4E4D0033-6070-473A-9A39-8332E8F31BB6}"
EndProject
Project("{FAE04EC0-301F-11D3-BF4B-00C04F79EFBC}") = "Payment-INFRA", "Payment-INFRA\Payment-INFRA.csproj", "{FC8100EF-F981-41F4-AF62-8EECC0589FF1}"
EndProject
Project("{FAE04EC0-301F-11D3-BF4B-00C04F79EFBC}") = "Payment-APP", "Payment-APP\Payment-APP.csproj", "{4DD3EBD3-F427-4769-BFFE-5E3832E5C919}"
EndProject
Global
	GlobalSection(SolutionConfigurationPlatforms) = preSolution
		Debug|Any CPU = Debug|Any CPU
		Release|Any CPU = Release|Any CPU
	EndGlobalSection
	GlobalSection(ProjectConfigurationPlatforms) = postSolution
		{4E132ACB-31DD-4908-97DB-B0F9F4785617}.Debug|Any CPU.ActiveCfg = Debug|Any CPU
		{4E132ACB-31DD-4908-97DB-B0F9F4785617}.Debug|Any CPU.Build.0 = Debug|Any CPU
		{4E132ACB-31DD-4908-97DB-B0F9F4785617}.Release|Any CPU.ActiveCfg = Release|Any CPU
		{4E132ACB-31DD-4908-97DB-B0F9F4785617}.Release|Any CPU.Build.0 = Release|Any CPU
		{4E4D0033-6070-473A-9A39-8332E8F31BB6}.Debug|Any CPU.ActiveCfg = Debug|Any CPU
		{4E4D0033-6070-473A-9A39-8332E8F31BB6}.Debug|Any CPU.Build.0 = Debug|Any CPU
		{4E4D0033-6070-473A-9A39-8332E8F31BB6}.Release|Any CPU.ActiveCfg = Release|Any CPU
		{4E4D0033-6070-473A-9A39-8332E8F31BB6}.Release|Any CPU.Build.0 = Release|Any CPU
		{FC8100EF-F981-41F4-AF62-8EECC0589FF1}.Debug|Any CPU.ActiveCfg = Debug|Any CPU
		{FC8100EF-F981-41F4-AF62-8EECC0589FF1}.Debug|Any CPU.Build.0 = Debug|Any CPU
		{FC8100EF-F981-41F4-AF62-8EECC0589FF1}.Release|Any CPU.ActiveCfg = Release|Any CPU
		{FC8100EF-F981-41F4-AF62-8EECC0589FF1}.Release|Any CPU.Build.0 = Release|Any CPU
		{4DD3EBD3-F427-4769-BFFE-5E3832E5C919}.Debug|Any CPU.ActiveCfg = Debug|Any CPU
		{4DD3EBD3-F427-4769-BFFE-5E3832E5C919}.Debug|Any CPU.Build.0 = Debug|Any CPU
		{4DD3EBD3-F427-4769-BFFE-5E3832E5C919}.Release|Any CPU.ActiveCfg = Release|Any CPU
		{4DD3EBD3-F427-4769-BFFE-5E3832E5C919}.Release|Any CPU.Build.0 = Release|Any CPU
	EndGlobalSection
	GlobalSection(SolutionProperties) = preSolution
		HideSolutionNode = FALSE
	EndGlobalSection
EndGlobal
